
Microsoft Visual Studio Solution File, Format Version 12.00
# Visual Studio Version 17
VisualStudioVersion = 17.7.34031.279
MinimumVisualStudioVersion = 10.0.40219.1
Project("{FAE04EC0-301F-11D3-BF4B-00C04F79EFBC}") = "21115053120145_huynhkimthang_bt", "21115053120145_huynhkimthang_bt.csproj", "{36510772-176C-47FB-85AA-A380391DC063}"
EndProject
Global
	GlobalSection(SolutionConfigurationPlatforms) = preSolution
		Debug|Any CPU = Debug|Any CPU
		Release|Any CPU = Release|Any CPU
	EndGlobalSection
	GlobalSection(ProjectConfigurationPlatforms) = postSolution
		{36510772-176C-47FB-85AA-A380391DC063}.Debug|Any CPU.ActiveCfg = Debug|Any CPU
		{36510772-176C-47FB-85AA-A380391DC063}.Debug|Any CPU.Build.0 = Debug|Any CPU
		{36510772-176C-47FB-85AA-A380391DC063}.Release|Any CPU.ActiveCfg = Release|Any CPU
		{36510772-176C-47FB-85AA-A380391DC063}.Release|Any CPU.Build.0 = Release|Any CPU
	EndGlobalSection
	GlobalSection(SolutionProperties) = preSolution
		HideSolutionNode = FALSE
	EndGlobalSection
	GlobalSection(ExtensibilityGlobals) = postSolution
		SolutionGuid = {27A8A3A9-3C3E-473A-81AC-3D314B5F42D2}
	EndGlobalSection
EndGlobal
